
Microsoft Visual Studio Solution File, Format Version 12.00
# Visual Studio Version 17
VisualStudioVersion = 17.3.32825.248
MinimumVisualStudioVersion = 10.0.40219.1
Project("{FAE04EC0-301F-11D3-BF4B-00C04F79EFBC}") = "PizzaRestaurant.API", "PizzaRestaurant.API\PizzaRestaurant.API.csproj", "{BD55C9AB-AD24-4713-9221-B694EC718132}"
EndProject
Project("{2150E333-8FDC-42A3-9474-1A3956D46DE8}") = "src", "src", "{B3130F69-29DB-42B9-8F15-A4168ABE3496}"
EndProject
Project("{2150E333-8FDC-42A3-9474-1A3956D46DE8}") = "Presentation", "Presentation", "{9D5E91A1-914D-49D8-86FA-AE0A5FBAAC6E}"
EndProject
Project("{2150E333-8FDC-42A3-9474-1A3956D46DE8}") = "Core", "Core", "{06897737-300F-4976-9920-000EEAE36F31}"
EndProject
Project("{2150E333-8FDC-42A3-9474-1A3956D46DE8}") = "Infrastructure", "Infrastructure", "{0AC4B338-6988-435B-8F3F-A520AEC89B4B}"
EndProject
Project("{FAE04EC0-301F-11D3-BF4B-00C04F79EFBC}") = "PizzaRestaurant.Application", "PizzaRestaurant.Application\PizzaRestaurant.Application.csproj", "{C0BC0F3D-22A8-45CA-AE7F-D090DF279F2B}"
EndProject
Project("{FAE04EC0-301F-11D3-BF4B-00C04F79EFBC}") = "PizzaRestaurnat.Domain", "PizzaRestaurnat.Domain\PizzaRestaurnat.Domain.csproj", "{5C83CC9E-900F-4F48-B2FE-F6B4F319B85F}"
EndProject
Project("{FAE04EC0-301F-11D3-BF4B-00C04F79EFBC}") = "PizzaRestaurant.Infrastructure", "PizzaRestaurant.Infrastructure\PizzaRestaurant.Infrastructure.csproj", "{71E82B0B-B1D6-4B1E-A1CC-0C02076CB06A}"
EndProject
Project("{FAE04EC0-301F-11D3-BF4B-00C04F79EFBC}") = "PizzaRestaurant.Persistence", "PizzaRestaurant.Persistence\PizzaRestaurant.Persistence.csproj", "{961A5126-71B8-4E6D-9535-8EAC020ECDEA}"
EndProject
Global
	GlobalSection(SolutionConfigurationPlatforms) = preSolution
		Debug|Any CPU = Debug|Any CPU
		Release|Any CPU = Release|Any CPU
	EndGlobalSection
	GlobalSection(ProjectConfigurationPlatforms) = postSolution
		{BD55C9AB-AD24-4713-9221-B694EC718132}.Debug|Any CPU.ActiveCfg = Debug|Any CPU
		{BD55C9AB-AD24-4713-9221-B694EC718132}.Debug|Any CPU.Build.0 = Debug|Any CPU
		{BD55C9AB-AD24-4713-9221-B694EC718132}.Release|Any CPU.ActiveCfg = Release|Any CPU
		{BD55C9AB-AD24-4713-9221-B694EC718132}.Release|Any CPU.Build.0 = Release|Any CPU
		{C0BC0F3D-22A8-45CA-AE7F-D090DF279F2B}.Debug|Any CPU.ActiveCfg = Debug|Any CPU
		{C0BC0F3D-22A8-45CA-AE7F-D090DF279F2B}.Debug|Any CPU.Build.0 = Debug|Any CPU
		{C0BC0F3D-22A8-45CA-AE7F-D090DF279F2B}.Release|Any CPU.ActiveCfg = Release|Any CPU
		{C0BC0F3D-22A8-45CA-AE7F-D090DF279F2B}.Release|Any CPU.Build.0 = Release|Any CPU
		{5C83CC9E-900F-4F48-B2FE-F6B4F319B85F}.Debug|Any CPU.ActiveCfg = Debug|Any CPU
		{5C83CC9E-900F-4F48-B2FE-F6B4F319B85F}.Debug|Any CPU.Build.0 = Debug|Any CPU
		{5C83CC9E-900F-4F48-B2FE-F6B4F319B85F}.Release|Any CPU.ActiveCfg = Release|Any CPU
		{5C83CC9E-900F-4F48-B2FE-F6B4F319B85F}.Release|Any CPU.Build.0 = Release|Any CPU
		{71E82B0B-B1D6-4B1E-A1CC-0C02076CB06A}.Debug|Any CPU.ActiveCfg = Debug|Any CPU
		{71E82B0B-B1D6-4B1E-A1CC-0C02076CB06A}.Debug|Any CPU.Build.0 = Debug|Any CPU
		{71E82B0B-B1D6-4B1E-A1CC-0C02076CB06A}.Release|Any CPU.ActiveCfg = Release|Any CPU
		{71E82B0B-B1D6-4B1E-A1CC-0C02076CB06A}.Release|Any CPU.Build.0 = Release|Any CPU
		{961A5126-71B8-4E6D-9535-8EAC020ECDEA}.Debug|Any CPU.ActiveCfg = Debug|Any CPU
		{961A5126-71B8-4E6D-9535-8EAC020ECDEA}.Debug|Any CPU.Build.0 = Debug|Any CPU
		{961A5126-71B8-4E6D-9535-8EAC020ECDEA}.Release|Any CPU.ActiveCfg = Release|Any CPU
		{961A5126-71B8-4E6D-9535-8EAC020ECDEA}.Release|Any CPU.Build.0 = Release|Any CPU
	EndGlobalSection
	GlobalSection(SolutionProperties) = preSolution
		HideSolutionNode = FALSE
	EndGlobalSection
	GlobalSection(NestedProjects) = preSolution
		{BD55C9AB-AD24-4713-9221-B694EC718132} = {9D5E91A1-914D-49D8-86FA-AE0A5FBAAC6E}
		{9D5E91A1-914D-49D8-86FA-AE0A5FBAAC6E} = {B3130F69-29DB-42B9-8F15-A4168ABE3496}
		{06897737-300F-4976-9920-000EEAE36F31} = {B3130F69-29DB-42B9-8F15-A4168ABE3496}
		{0AC4B338-6988-435B-8F3F-A520AEC89B4B} = {B3130F69-29DB-42B9-8F15-A4168ABE3496}
		{C0BC0F3D-22A8-45CA-AE7F-D090DF279F2B} = {06897737-300F-4976-9920-000EEAE36F31}
		{5C83CC9E-900F-4F48-B2FE-F6B4F319B85F} = {06897737-300F-4976-9920-000EEAE36F31}
		{71E82B0B-B1D6-4B1E-A1CC-0C02076CB06A} = {0AC4B338-6988-435B-8F3F-A520AEC89B4B}
		{961A5126-71B8-4E6D-9535-8EAC020ECDEA} = {0AC4B338-6988-435B-8F3F-A520AEC89B4B}
	EndGlobalSection
	GlobalSection(ExtensibilityGlobals) = postSolution
		SolutionGuid = {053980D1-08F8-459C-8583-1402E1C2700F}
	EndGlobalSection
EndGlobal
